
Microsoft Visual Studio Solution File, Format Version 11.00
# Visual Studio 2010
Project("{6989167D-11E4-40FE-8C1A-2192A86A7E90}") = "standard_sgy_read_write", "standard_sgy_read_write\standard_sgy_read_write.vfproj", "{DF602602-A56B-4147-9295-1BB67D2C1C83}"
EndProject
Global
	GlobalSection(SolutionConfigurationPlatforms) = preSolution
		Debug|Win32 = Debug|Win32
		Release|Win32 = Release|Win32
	EndGlobalSection
	GlobalSection(ProjectConfigurationPlatforms) = postSolution
		{DF602602-A56B-4147-9295-1BB67D2C1C83}.Debug|Win32.ActiveCfg = Debug|Win32
		{DF602602-A56B-4147-9295-1BB67D2C1C83}.Debug|Win32.Build.0 = Debug|Win32
		{DF602602-A56B-4147-9295-1BB67D2C1C83}.Release|Win32.ActiveCfg = Release|Win32
		{DF602602-A56B-4147-9295-1BB67D2C1C83}.Release|Win32.Build.0 = Release|Win32
	EndGlobalSection
	GlobalSection(SolutionProperties) = preSolution
		HideSolutionNode = FALSE
	EndGlobalSection
EndGlobal
