
Microsoft Visual Studio Solution File, Format Version 11.00
# Visual Studio 2010
Project("{6989167D-11E4-40FE-8C1A-2192A86A7E90}") = "Read_Write_sgy", "Read_Write_sgy\Read_Write_sgy.vfproj", "{F8535933-80B6-47BB-9845-9D9C76E8342D}"
EndProject
Global
	GlobalSection(SolutionConfigurationPlatforms) = preSolution
		Debug|Win32 = Debug|Win32
		Release|Win32 = Release|Win32
	EndGlobalSection
	GlobalSection(ProjectConfigurationPlatforms) = postSolution
		{F8535933-80B6-47BB-9845-9D9C76E8342D}.Debug|Win32.ActiveCfg = Debug|Win32
		{F8535933-80B6-47BB-9845-9D9C76E8342D}.Debug|Win32.Build.0 = Debug|Win32
		{F8535933-80B6-47BB-9845-9D9C76E8342D}.Release|Win32.ActiveCfg = Release|Win32
		{F8535933-80B6-47BB-9845-9D9C76E8342D}.Release|Win32.Build.0 = Release|Win32
	EndGlobalSection
	GlobalSection(SolutionProperties) = preSolution
		HideSolutionNode = FALSE
	EndGlobalSection
EndGlobal
