
Microsoft Visual Studio Solution File, Format Version 11.00
# Visual Studio 2010
Project("{6989167D-11E4-40FE-8C1A-2192A86A7E90}") = "Bond_B_Q_Transform", "Bond_B_Q_Transform\Bond_B_Q_Transform.vfproj", "{DA5EDE6C-62B5-48BE-94D7-B9747724D349}"
EndProject
Global
	GlobalSection(SolutionConfigurationPlatforms) = preSolution
		Debug|Win32 = Debug|Win32
		Release|Win32 = Release|Win32
	EndGlobalSection
	GlobalSection(ProjectConfigurationPlatforms) = postSolution
		{DA5EDE6C-62B5-48BE-94D7-B9747724D349}.Debug|Win32.ActiveCfg = Debug|Win32
		{DA5EDE6C-62B5-48BE-94D7-B9747724D349}.Debug|Win32.Build.0 = Debug|Win32
		{DA5EDE6C-62B5-48BE-94D7-B9747724D349}.Release|Win32.ActiveCfg = Release|Win32
		{DA5EDE6C-62B5-48BE-94D7-B9747724D349}.Release|Win32.Build.0 = Release|Win32
	EndGlobalSection
	GlobalSection(SolutionProperties) = preSolution
		HideSolutionNode = FALSE
	EndGlobalSection
EndGlobal
