
Microsoft Visual Studio Solution File, Format Version 11.00
# Visual Studio 2010
Project("{6989167D-11E4-40FE-8C1A-2192A86A7E90}") = "create_model", "create_model\create_model.vfproj", "{78A6499B-BA05-4589-A5AA-48B2B75DA6FB}"
EndProject
Global
	GlobalSection(SolutionConfigurationPlatforms) = preSolution
		Debug|Win32 = Debug|Win32
		Release|Win32 = Release|Win32
	EndGlobalSection
	GlobalSection(ProjectConfigurationPlatforms) = postSolution
		{78A6499B-BA05-4589-A5AA-48B2B75DA6FB}.Debug|Win32.ActiveCfg = Debug|Win32
		{78A6499B-BA05-4589-A5AA-48B2B75DA6FB}.Debug|Win32.Build.0 = Debug|Win32
		{78A6499B-BA05-4589-A5AA-48B2B75DA6FB}.Release|Win32.ActiveCfg = Release|Win32
		{78A6499B-BA05-4589-A5AA-48B2B75DA6FB}.Release|Win32.Build.0 = Release|Win32
	EndGlobalSection
	GlobalSection(SolutionProperties) = preSolution
		HideSolutionNode = FALSE
	EndGlobalSection
EndGlobal
