
Microsoft Visual Studio Solution File, Format Version 11.00
# Visual Studio 2010
Project("{6989167D-11E4-40FE-8C1A-2192A86A7E90}") = "create_many_file", "create_many_file\create_many_file.vfproj", "{960BB588-42E8-495F-B5A3-769EBB8EF369}"
EndProject
Global
	GlobalSection(SolutionConfigurationPlatforms) = preSolution
		Debug|Win32 = Debug|Win32
		Release|Win32 = Release|Win32
	EndGlobalSection
	GlobalSection(ProjectConfigurationPlatforms) = postSolution
		{960BB588-42E8-495F-B5A3-769EBB8EF369}.Debug|Win32.ActiveCfg = Debug|Win32
		{960BB588-42E8-495F-B5A3-769EBB8EF369}.Debug|Win32.Build.0 = Debug|Win32
		{960BB588-42E8-495F-B5A3-769EBB8EF369}.Release|Win32.ActiveCfg = Release|Win32
		{960BB588-42E8-495F-B5A3-769EBB8EF369}.Release|Win32.Build.0 = Release|Win32
	EndGlobalSection
	GlobalSection(SolutionProperties) = preSolution
		HideSolutionNode = FALSE
	EndGlobalSection
EndGlobal
