
Microsoft Visual Studio Solution File, Format Version 11.00
# Visual Studio 2010
Project("{6989167D-11E4-40FE-8C1A-2192A86A7E90}") = "TPM_Isotropic_RSG", "TPM_Isotropic_RSG\TPM_Isotropic_RSG.vfproj", "{D584F191-CFB8-4397-AE2B-493C6D08CF1D}"
EndProject
Global
	GlobalSection(SolutionConfigurationPlatforms) = preSolution
		Debug|Win32 = Debug|Win32
		Release|Win32 = Release|Win32
	EndGlobalSection
	GlobalSection(ProjectConfigurationPlatforms) = postSolution
		{D584F191-CFB8-4397-AE2B-493C6D08CF1D}.Debug|Win32.ActiveCfg = Debug|Win32
		{D584F191-CFB8-4397-AE2B-493C6D08CF1D}.Debug|Win32.Build.0 = Debug|Win32
		{D584F191-CFB8-4397-AE2B-493C6D08CF1D}.Release|Win32.ActiveCfg = Release|Win32
		{D584F191-CFB8-4397-AE2B-493C6D08CF1D}.Release|Win32.Build.0 = Release|Win32
	EndGlobalSection
	GlobalSection(SolutionProperties) = preSolution
		HideSolutionNode = FALSE
	EndGlobalSection
EndGlobal
