
Microsoft Visual Studio Solution File, Format Version 11.00
# Visual Studio 2010
Project("{6989167D-11E4-40FE-8C1A-2192A86A7E90}") = "Acoustic_Wave_Modeling", "Acoustic_Wave_Modeling\Acoustic_Wave_Modeling.vfproj", "{DBBC4574-A710-46BA-B14B-70D2DBF79846}"
EndProject
Global
	GlobalSection(SolutionConfigurationPlatforms) = preSolution
		Debug|Win32 = Debug|Win32
		Release|Win32 = Release|Win32
	EndGlobalSection
	GlobalSection(ProjectConfigurationPlatforms) = postSolution
		{DBBC4574-A710-46BA-B14B-70D2DBF79846}.Debug|Win32.ActiveCfg = Debug|Win32
		{DBBC4574-A710-46BA-B14B-70D2DBF79846}.Debug|Win32.Build.0 = Debug|Win32
		{DBBC4574-A710-46BA-B14B-70D2DBF79846}.Release|Win32.ActiveCfg = Release|Win32
		{DBBC4574-A710-46BA-B14B-70D2DBF79846}.Release|Win32.Build.0 = Release|Win32
	EndGlobalSection
	GlobalSection(SolutionProperties) = preSolution
		HideSolutionNode = FALSE
	EndGlobalSection
EndGlobal
