
Microsoft Visual Studio Solution File, Format Version 11.00
# Visual Studio 2010
Project("{6989167D-11E4-40FE-8C1A-2192A86A7E90}") = "2D3TTI_RSG", "2D3TTI_RSG\2D3TTI_RSG.vfproj", "{519EF288-123B-4F92-A65C-3D9E2EDE6825}"
EndProject
Global
	GlobalSection(SolutionConfigurationPlatforms) = preSolution
		Debug|Win32 = Debug|Win32
		Release|Win32 = Release|Win32
	EndGlobalSection
	GlobalSection(ProjectConfigurationPlatforms) = postSolution
		{519EF288-123B-4F92-A65C-3D9E2EDE6825}.Debug|Win32.ActiveCfg = Debug|Win32
		{519EF288-123B-4F92-A65C-3D9E2EDE6825}.Debug|Win32.Build.0 = Debug|Win32
		{519EF288-123B-4F92-A65C-3D9E2EDE6825}.Release|Win32.ActiveCfg = Release|Win32
		{519EF288-123B-4F92-A65C-3D9E2EDE6825}.Release|Win32.Build.0 = Release|Win32
	EndGlobalSection
	GlobalSection(SolutionProperties) = preSolution
		HideSolutionNode = FALSE
	EndGlobalSection
EndGlobal
