
Microsoft Visual Studio Solution File, Format Version 11.00
# Visual Studio 2010
Project("{6989167D-11E4-40FE-8C1A-2192A86A7E90}") = "gather_file", "gather_file\gather_file.vfproj", "{70FECEB9-0162-4FED-A292-7B1F0F227905}"
EndProject
Global
	GlobalSection(SolutionConfigurationPlatforms) = preSolution
		Debug|Win32 = Debug|Win32
		Release|Win32 = Release|Win32
	EndGlobalSection
	GlobalSection(ProjectConfigurationPlatforms) = postSolution
		{70FECEB9-0162-4FED-A292-7B1F0F227905}.Debug|Win32.ActiveCfg = Debug|Win32
		{70FECEB9-0162-4FED-A292-7B1F0F227905}.Debug|Win32.Build.0 = Debug|Win32
		{70FECEB9-0162-4FED-A292-7B1F0F227905}.Release|Win32.ActiveCfg = Release|Win32
		{70FECEB9-0162-4FED-A292-7B1F0F227905}.Release|Win32.Build.0 = Release|Win32
	EndGlobalSection
	GlobalSection(SolutionProperties) = preSolution
		HideSolutionNode = FALSE
	EndGlobalSection
EndGlobal
